// !$*UTF8*$!
{
	archiveVersion = 1;
	classes = {
	};
	objectVersion = 55;
	objects = {

/* Begin PBXBuildFile section */
		D5C3DE5127F3D4E1003FC96A /* AppDelegate.swift in Sources */ = {isa = PBXBuildFile; fileRef = D5C3DE5027F3D4E1003FC96A /* AppDelegate.swift */; };
		D5C3DE5327F3D4E1003FC96A /* SceneDelegate.swift in Sources */ = {isa = PBXBuildFile; fileRef = D5C3DE5227F3D4E1003FC96A /* SceneDelegate.swift */; };
		D5C3DE5827F3D4E1003FC96A /* Main.storyboard in Resources */ = {isa = PBXBuildFile; fileRef = D5C3DE5627F3D4E1003FC96A /* Main.storyboard */; };
		D5C3DE5B27F3D4E1003FC96A /* ToDo_List.xcdatamodeld in Sources */ = {isa = PBXBuildFile; fileRef = D5C3DE5927F3D4E1003FC96A /* ToDo_List.xcdatamodeld */; };
		D5C3DE5D27F3D4E1003FC96A /* Assets.xcassets in Resources */ = {isa = PBXBuildFile; fileRef = D5C3DE5C27F3D4E1003FC96A /* Assets.xcassets */; };
		D5C3DE6027F3D4E1003FC96A /* LaunchScreen.storyboard in Resources */ = {isa = PBXBuildFile; fileRef = D5C3DE5E27F3D4E1003FC96A /* LaunchScreen.storyboard */; };
		D5C3DE7227F3D7EB003FC96A /* CoreDataManager.swift in Sources */ = {isa = PBXBuildFile; fileRef = D5C3DE7127F3D7EB003FC96A /* CoreDataManager.swift */; };
		D5C3DE7527F3F28D003FC96A /* ToDoViewController.swift in Sources */ = {isa = PBXBuildFile; fileRef = D5C3DE7427F3F28D003FC96A /* ToDoViewController.swift */; };
		D5C3DE7727F3F2A7003FC96A /* DoneViewController.swift in Sources */ = {isa = PBXBuildFile; fileRef = D5C3DE7627F3F2A7003FC96A /* DoneViewController.swift */; };
		D5C3DE7A27F3FA8C003FC96A /* ToDoTableViewCell.swift in Sources */ = {isa = PBXBuildFile; fileRef = D5C3DE7927F3FA8C003FC96A /* ToDoTableViewCell.swift */; };
		D5C3DE7C27F3FA9D003FC96A /* DoneTableViewCell.swift in Sources */ = {isa = PBXBuildFile; fileRef = D5C3DE7B27F3FA9D003FC96A /* DoneTableViewCell.swift */; };
		D5C3DE7E27F3FB22003FC96A /* constant.swift in Sources */ = {isa = PBXBuildFile; fileRef = D5C3DE7D27F3FB22003FC96A /* constant.swift */; };
		D5C3DE8127F43D1E003FC96A /* KRProgressHUD in Frameworks */ = {isa = PBXBuildFile; productRef = D5C3DE8027F43D1E003FC96A /* KRProgressHUD */; };
		D5C3DE8C27F4597B003FC96A /* ToDoList+CoreDataClass.swift in Sources */ = {isa = PBXBuildFile; fileRef = D5C3DE8A27F4597B003FC96A /* ToDoList+CoreDataClass.swift */; };
		D5C3DE8F27F4A04D003FC96A /* Date+Extension.swift in Sources */ = {isa = PBXBuildFile; fileRef = D5C3DE8E27F4A04D003FC96A /* Date+Extension.swift */; };
/* End PBXBuildFile section */

/* Begin PBXFileReference section */
		D5C3DE4D27F3D4E1003FC96A /* ToDo-List.app */ = {isa = PBXFileReference; explicitFileType = wrapper.application; includeInIndex = 0; path = "ToDo-List.app"; sourceTree = BUILT_PRODUCTS_DIR; };
		D5C3DE5027F3D4E1003FC96A /* AppDelegate.swift */ = {isa = PBXFileReference; lastKnownFileType = sourcecode.swift; path = AppDelegate.swift; sourceTree = "<group>"; };
		D5C3DE5227F3D4E1003FC96A /* SceneDelegate.swift */ = {isa = PBXFileReference; lastKnownFileType = sourcecode.swift; path = SceneDelegate.swift; sourceTree = "<group>"; };
		D5C3DE5727F3D4E1003FC96A /* Base */ = {isa = PBXFileReference; lastKnownFileType = file.storyboard; name = Base; path = Base.lproj/Main.storyboard; sourceTree = "<group>"; };
		D5C3DE5A27F3D4E1003FC96A /* ToDo_List.xcdatamodel */ = {isa = PBXFileReference; lastKnownFileType = wrapper.xcdatamodel; path = ToDo_List.xcdatamodel; sourceTree = "<group>"; };
		D5C3DE5C27F3D4E1003FC96A /* Assets.xcassets */ = {isa = PBXFileReference; lastKnownFileType = folder.assetcatalog; path = Assets.xcassets; sourceTree = "<group>"; };
		D5C3DE5F27F3D4E1003FC96A /* Base */ = {isa = PBXFileReference; lastKnownFileType = file.storyboard; name = Base; path = Base.lproj/LaunchScreen.storyboard; sourceTree = "<group>"; };
		D5C3DE6127F3D4E1003FC96A /* Info.plist */ = {isa = PBXFileReference; lastKnownFileType = text.plist.xml; path = Info.plist; sourceTree = "<group>"; };
		D5C3DE7127F3D7EB003FC96A /* CoreDataManager.swift */ = {isa = PBXFileReference; lastKnownFileType = sourcecode.swift; path = CoreDataManager.swift; sourceTree = "<group>"; };
		D5C3DE7427F3F28D003FC96A /* ToDoViewController.swift */ = {isa = PBXFileReference; lastKnownFileType = sourcecode.swift; path = ToDoViewController.swift; sourceTree = "<group>"; };
		D5C3DE7627F3F2A7003FC96A /* DoneViewController.swift */ = {isa = PBXFileReference; lastKnownFileType = sourcecode.swift; path = DoneViewController.swift; sourceTree = "<group>"; };
		D5C3DE7927F3FA8C003FC96A /* ToDoTableViewCell.swift */ = {isa = PBXFileReference; lastKnownFileType = sourcecode.swift; path = ToDoTableViewCell.swift; sourceTree = "<group>"; };
		D5C3DE7B27F3FA9D003FC96A /* DoneTableViewCell.swift */ = {isa = PBXFileReference; lastKnownFileType = sourcecode.swift; path = DoneTableViewCell.swift; sourceTree = "<group>"; };
		D5C3DE7D27F3FB22003FC96A /* constant.swift */ = {isa = PBXFileReference; lastKnownFileType = sourcecode.swift; path = constant.swift; sourceTree = "<group>"; };
		D5C3DE8A27F4597B003FC96A /* ToDoList+CoreDataClass.swift */ = {isa = PBXFileReference; lastKnownFileType = sourcecode.swift; path = "ToDoList+CoreDataClass.swift"; sourceTree = "<group>"; };
		D5C3DE8E27F4A04D003FC96A /* Date+Extension.swift */ = {isa = PBXFileReference; fileEncoding = 4; lastKnownFileType = sourcecode.swift; path = "Date+Extension.swift"; sourceTree = "<group>"; };
/* End PBXFileReference section */

/* Begin PBXFrameworksBuildPhase section */
		D5C3DE4A27F3D4E1003FC96A /* Frameworks */ = {
			isa = PBXFrameworksBuildPhase;
			buildActionMask = 2147483647;
			files = (
				D5C3DE8127F43D1E003FC96A /* KRProgressHUD in Frameworks */,
			);
			runOnlyForDeploymentPostprocessing = 0;
		};
/* End PBXFrameworksBuildPhase section */

/* Begin PBXGroup section */
		D5C3DE4427F3D4E1003FC96A = {
			isa = PBXGroup;
			children = (
				D5C3DE4F27F3D4E1003FC96A /* ToDo-List */,
				D5C3DE4E27F3D4E1003FC96A /* Products */,
			);
			sourceTree = "<group>";
		};
		D5C3DE4E27F3D4E1003FC96A /* Products */ = {
			isa = PBXGroup;
			children = (
				D5C3DE4D27F3D4E1003FC96A /* ToDo-List.app */,
			);
			name = Products;
			sourceTree = "<group>";
		};
		D5C3DE4F27F3D4E1003FC96A /* ToDo-List */ = {
			isa = PBXGroup;
			children = (
				D5C3DE7827F3FA5A003FC96A /* Custom */,
				D5C3DE7327F3F22A003FC96A /* Controller */,
				D5C3DE6727F3D5AE003FC96A /* Model */,
				D5C3DE5027F3D4E1003FC96A /* AppDelegate.swift */,
				D5C3DE5227F3D4E1003FC96A /* SceneDelegate.swift */,
				D5C3DE7127F3D7EB003FC96A /* CoreDataManager.swift */,
				D5C3DE8E27F4A04D003FC96A /* Date+Extension.swift */,
				D5C3DE5627F3D4E1003FC96A /* Main.storyboard */,
				D5C3DE5C27F3D4E1003FC96A /* Assets.xcassets */,
				D5C3DE5E27F3D4E1003FC96A /* LaunchScreen.storyboard */,
				D5C3DE6127F3D4E1003FC96A /* Info.plist */,
			);
			path = "ToDo-List";
			sourceTree = "<group>";
		};
		D5C3DE6727F3D5AE003FC96A /* Model */ = {
			isa = PBXGroup;
			children = (
				D5C3DE8A27F4597B003FC96A /* ToDoList+CoreDataClass.swift */,
				D5C3DE7D27F3FB22003FC96A /* constant.swift */,
				D5C3DE5927F3D4E1003FC96A /* ToDo_List.xcdatamodeld */,
			);
			path = Model;
			sourceTree = "<group>";
		};
		D5C3DE7327F3F22A003FC96A /* Controller */ = {
			isa = PBXGroup;
			children = (
				D5C3DE7427F3F28D003FC96A /* ToDoViewController.swift */,
				D5C3DE7627F3F2A7003FC96A /* DoneViewController.swift */,
			);
			path = Controller;
			sourceTree = "<group>";
		};
		D5C3DE7827F3FA5A003FC96A /* Custom */ = {
			isa = PBXGroup;
			children = (
				D5C3DE7927F3FA8C003FC96A /* ToDoTableViewCell.swift */,
				D5C3DE7B27F3FA9D003FC96A /* DoneTableViewCell.swift */,
			);
			path = Custom;
			sourceTree = "<group>";
		};
/* End PBXGroup section */

/* Begin PBXNativeTarget section */
		D5C3DE4C27F3D4E1003FC96A /* ToDo-List */ = {
			isa = PBXNativeTarget;
			buildConfigurationList = D5C3DE6427F3D4E1003FC96A /* Build configuration list for PBXNativeTarget "ToDo-List" */;
			buildPhases = (
				D5C3DE4927F3D4E1003FC96A /* Sources */,
				D5C3DE4A27F3D4E1003FC96A /* Frameworks */,
				D5C3DE4B27F3D4E1003FC96A /* Resources */,
			);
			buildRules = (
			);
			dependencies = (
			);
			name = "ToDo-List";
			packageProductDependencies = (
				D5C3DE8027F43D1E003FC96A /* KRProgressHUD */,
			);
			productName = "ToDo-List";
			productReference = D5C3DE4D27F3D4E1003FC96A /* ToDo-List.app */;
			productType = "com.apple.product-type.application";
		};
/* End PBXNativeTarget section */

/* Begin PBXProject section */
		D5C3DE4527F3D4E1003FC96A /* Project object */ = {
			isa = PBXProject;
			attributes = {
				BuildIndependentTargetsInParallel = 1;
				LastSwiftUpdateCheck = 1330;
				LastUpgradeCheck = 1330;
				TargetAttributes = {
					D5C3DE4C27F3D4E1003FC96A = {
						CreatedOnToolsVersion = 13.3;
					};
				};
			};
			buildConfigurationList = D5C3DE4827F3D4E1003FC96A /* Build configuration list for PBXProject "ToDo-List" */;
			compatibilityVersion = "Xcode 13.0";
			developmentRegion = en;
			hasScannedForEncodings = 0;
			knownRegions = (
				en,
				Base,
			);
			mainGroup = D5C3DE4427F3D4E1003FC96A;
			packageReferences = (
				D5C3DE7F27F43D1E003FC96A /* XCRemoteSwiftPackageReference "KRProgressHUD" */,
			);
			productRefGroup = D5C3DE4E27F3D4E1003FC96A /* Products */;
			projectDirPath = "";
			projectRoot = "";
			targets = (
				D5C3DE4C27F3D4E1003FC96A /* ToDo-List */,
			);
		};
/* End PBXProject section */

/* Begin PBXResourcesBuildPhase section */
		D5C3DE4B27F3D4E1003FC96A /* Resources */ = {
			isa = PBXResourcesBuildPhase;
			buildActionMask = 2147483647;
			files = (
				D5C3DE6027F3D4E1003FC96A /* LaunchScreen.storyboard in Resources */,
				D5C3DE5D27F3D4E1003FC96A /* Assets.xcassets in Resources */,
				D5C3DE5827F3D4E1003FC96A /* Main.storyboard in Resources */,
			);
			runOnlyForDeploymentPostprocessing = 0;
		};
/* End PBXResourcesBuildPhase section */

/* Begin PBXSourcesBuildPhase section */
		D5C3DE4927F3D4E1003FC96A /* Sources */ = {
			isa = PBXSourcesBuildPhase;
			buildActionMask = 2147483647;
			files = (
				D5C3DE7727F3F2A7003FC96A /* DoneViewController.swift in Sources */,
				D5C3DE8F27F4A04D003FC96A /* Date+Extension.swift in Sources */,
				D5C3DE8C27F4597B003FC96A /* ToDoList+CoreDataClass.swift in Sources */,
				D5C3DE7227F3D7EB003FC96A /* CoreDataManager.swift in Sources */,
				D5C3DE7A27F3FA8C003FC96A /* ToDoTableViewCell.swift in Sources */,
				D5C3DE5127F3D4E1003FC96A /* AppDelegate.swift in Sources */,
				D5C3DE5327F3D4E1003FC96A /* SceneDelegate.swift in Sources */,
				D5C3DE7527F3F28D003FC96A /* ToDoViewController.swift in Sources */,
				D5C3DE7E27F3FB22003FC96A /* constant.swift in Sources */,
				D5C3DE7C27F3FA9D003FC96A /* DoneTableViewCell.swift in Sources */,
				D5C3DE5B27F3D4E1003FC96A /* ToDo_List.xcdatamodeld in Sources */,
			);
			runOnlyForDeploymentPostprocessing = 0;
		};
/* End PBXSourcesBuildPhase section */

/* Begin PBXVariantGroup section */
		D5C3DE5627F3D4E1003FC96A /* Main.storyboard */ = {
			isa = PBXVariantGroup;
			children = (
				D5C3DE5727F3D4E1003FC96A /* Base */,
			);
			name = Main.storyboard;
			sourceTree = "<group>";
		};
		D5C3DE5E27F3D4E1003FC96A /* LaunchScreen.storyboard */ = {
			isa = PBXVariantGroup;
			children = (
				D5C3DE5F27F3D4E1003FC96A /* Base */,
			);
			name = LaunchScreen.storyboard;
			sourceTree = "<group>";
		};
/* End PBXVariantGroup section */

/* Begin XCBuildConfiguration section */
		D5C3DE6227F3D4E1003FC96A /* Debug */ = {
			isa = XCBuildConfiguration;
			buildSettings = {
				ALWAYS_SEARCH_USER_PATHS = NO;
				CLANG_ANALYZER_NONNULL = YES;
				CLANG_ANALYZER_NUMBER_OBJECT_CONVERSION = YES_AGGRESSIVE;
				CLANG_CXX_LANGUAGE_STANDARD = "gnu++17";
				CLANG_ENABLE_MODULES = YES;
				CLANG_ENABLE_OBJC_ARC = YES;
				CLANG_ENABLE_OBJC_WEAK = YES;
				CLANG_WARN_BLOCK_CAPTURE_AUTORELEASING = YES;
				CLANG_WARN_BOOL_CONVERSION = YES;
				CLANG_WARN_COMMA = YES;
				CLANG_WARN_CONSTANT_CONVERSION = YES;
				CLANG_WARN_DEPRECATED_OBJC_IMPLEMENTATIONS = YES;
				CLANG_WARN_DIRECT_OBJC_ISA_USAGE = YES_ERROR;
				CLANG_WARN_DOCUMENTATION_COMMENTS = YES;
				CLANG_WARN_EMPTY_BODY = YES;
				CLANG_WARN_ENUM_CONVERSION = YES;
				CLANG_WARN_INFINITE_RECURSION = YES;
				CLANG_WARN_INT_CONVERSION = YES;
				CLANG_WARN_NON_LITERAL_NULL_CONVERSION = YES;
				CLANG_WARN_OBJC_IMPLICIT_RETAIN_SELF = YES;
				CLANG_WARN_OBJC_LITERAL_CONVERSION = YES;
				CLANG_WARN_OBJC_ROOT_CLASS = YES_ERROR;
				CLANG_WARN_QUOTED_INCLUDE_IN_FRAMEWORK_HEADER = YES;
				CLANG_WARN_RANGE_LOOP_ANALYSIS = YES;
				CLANG_WARN_STRICT_PROTOTYPES = YES;
				CLANG_WARN_SUSPICIOUS_MOVE = YES;
				CLANG_WARN_UNGUARDED_AVAILABILITY = YES_AGGRESSIVE;
				CLANG_WARN_UNREACHABLE_CODE = YES;
				CLANG_WARN__DUPLICATE_METHOD_MATCH = YES;
				COPY_PHASE_STRIP = NO;
				DEBUG_INFORMATION_FORMAT = dwarf;
				ENABLE_STRICT_OBJC_MSGSEND = YES;
				ENABLE_TESTABILITY = YES;
				GCC_C_LANGUAGE_STANDARD = gnu11;
				GCC_DYNAMIC_NO_PIC = NO;
				GCC_NO_COMMON_BLOCKS = YES;
				GCC_OPTIMIZATION_LEVEL = 0;
				GCC_PREPROCESSOR_DEFINITIONS = (
					"DEBUG=1",
					"$(inherited)",
				);
				GCC_WARN_64_TO_32_BIT_CONVERSION = YES;
				GCC_WARN_ABOUT_RETURN_TYPE = YES_ERROR;
				GCC_WARN_UNDECLARED_SELECTOR = YES;
				GCC_WARN_UNINITIALIZED_AUTOS = YES_AGGRESSIVE;
				GCC_WARN_UNUSED_FUNCTION = YES;
				GCC_WARN_UNUSED_VARIABLE = YES;
				IPHONEOS_DEPLOYMENT_TARGET = 15.4;
				MTL_ENABLE_DEBUG_INFO = INCLUDE_SOURCE;
				MTL_FAST_MATH = YES;
				ONLY_ACTIVE_ARCH = YES;
				SDKROOT = iphoneos;
				SWIFT_ACTIVE_COMPILATION_CONDITIONS = DEBUG;
				SWIFT_OPTIMIZATION_LEVEL = "-Onone";
			};
			name = Debug;
		};
		D5C3DE6327F3D4E1003FC96A /* Release */ = {
			isa = XCBuildConfiguration;
			buildSettings = {
				ALWAYS_SEARCH_USER_PATHS = NO;
				CLANG_ANALYZER_NONNULL = YES;
				CLANG_ANALYZER_NUMBER_OBJECT_CONVERSION = YES_AGGRESSIVE;
				CLANG_CXX_LANGUAGE_STANDARD = "gnu++17";
				CLANG_ENABLE_MODULES = YES;
				CLANG_ENABLE_OBJC_ARC = YES;
				CLANG_ENABLE_OBJC_WEAK = YES;
				CLANG_WARN_BLOCK_CAPTURE_AUTORELEASING = YES;
				CLANG_WARN_BOOL_CONVERSION = YES;
				CLANG_WARN_COMMA = YES;
				CLANG_WARN_CONSTANT_CONVERSION = YES;
				CLANG_WARN_DEPRECATED_OBJC_IMPLEMENTATIONS = YES;
				CLANG_WARN_DIRECT_OBJC_ISA_USAGE = YES_ERROR;
				CLANG_WARN_DOCUMENTATION_COMMENTS = YES;
				CLANG_WARN_EMPTY_BODY = YES;
				CLANG_WARN_ENUM_CONVERSION = YES;
				CLANG_WARN_INFINITE_RECURSION = YES;
				CLANG_WARN_INT_CONVERSION = YES;
				CLANG_WARN_NON_LITERAL_NULL_CONVERSION = YES;
				CLANG_WARN_OBJC_IMPLICIT_RETAIN_SELF = YES;
				CLANG_WARN_OBJC_LITERAL_CONVERSION = YES;
				CLANG_WARN_OBJC_ROOT_CLASS = YES_ERROR;
				CLANG_WARN_QUOTED_INCLUDE_IN_FRAMEWORK_HEADER = YES;
				CLANG_WARN_RANGE_LOOP_ANALYSIS = YES;
				CLANG_WARN_STRICT_PROTOTYPES = YES;
				CLANG_WARN_SUSPICIOUS_MOVE = YES;
				CLANG_WARN_UNGUARDED_AVAILABILITY = YES_AGGRESSIVE;
				CLANG_WARN_UNREACHABLE_CODE = YES;
				CLANG_WARN__DUPLICATE_METHOD_MATCH = YES;
				COPY_PHASE_STRIP = NO;
				DEBUG_INFORMATION_FORMAT = "dwarf-with-dsym";
				ENABLE_NS_ASSERTIONS = NO;
				ENABLE_STRICT_OBJC_MSGSEND = YES;
				GCC_C_LANGUAGE_STANDARD = gnu11;
				GCC_NO_COMMON_BLOCKS = YES;
				GCC_WARN_64_TO_32_BIT_CONVERSION = YES;
				GCC_WARN_ABOUT_RETURN_TYPE = YES_ERROR;
				GCC_WARN_UNDECLARED_SELECTOR = YES;
				GCC_WARN_UNINITIALIZED_AUTOS = YES_AGGRESSIVE;
				GCC_WARN_UNUSED_FUNCTION = YES;
				GCC_WARN_UNUSED_VARIABLE = YES;
				IPHONEOS_DEPLOYMENT_TARGET = 15.4;
				MTL_ENABLE_DEBUG_INFO = NO;
				MTL_FAST_MATH = YES;
				SDKROOT = iphoneos;
				SWIFT_COMPILATION_MODE = wholemodule;
				SWIFT_OPTIMIZATION_LEVEL = "-O";
				VALIDATE_PRODUCT = YES;
			};
			name = Release;
		};
		D5C3DE6527F3D4E1003FC96A /* Debug */ = {
			isa = XCBuildConfiguration;
			buildSettings = {
				ASSETCATALOG_COMPILER_APPICON_NAME = AppIcon;
				ASSETCATALOG_COMPILER_GLOBAL_ACCENT_COLOR_NAME = AccentColor;
				CODE_SIGN_STYLE = Automatic;
				CURRENT_PROJECT_VERSION = 1;
				DEVELOPMENT_TEAM = 4MD3G3QB7X;
				GENERATE_INFOPLIST_FILE = YES;
				INFOPLIST_FILE = "ToDo-List/Info.plist";
				INFOPLIST_KEY_UIApplicationSupportsIndirectInputEvents = YES;
				INFOPLIST_KEY_UILaunchStoryboardName = LaunchScreen;
				INFOPLIST_KEY_UIMainStoryboardFile = Main;
				INFOPLIST_KEY_UISupportedInterfaceOrientations = "UIInterfaceOrientationPortrait UIInterfaceOrientationPortraitUpsideDown";
				INFOPLIST_KEY_UISupportedInterfaceOrientations_iPad = "UIInterfaceOrientationPortrait UIInterfaceOrientationPortraitUpsideDown UIInterfaceOrientationLandscapeLeft UIInterfaceOrientationLandscapeRight";
				INFOPLIST_KEY_UISupportedInterfaceOrientations_iPhone = "UIInterfaceOrientationPortrait UIInterfaceOrientationLandscapeLeft UIInterfaceOrientationLandscapeRight";
				INFOPLIST_KEY_UIUserInterfaceStyle = Light;
				IPHONEOS_DEPLOYMENT_TARGET = 14.0;
				LD_RUNPATH_SEARCH_PATHS = (
					"$(inherited)",
					"@executable_path/Frameworks",
				);
				MARKETING_VERSION = 1.0;
				PRODUCT_BUNDLE_IDENTIFIER = "com.www.ToDo-List";
				PRODUCT_NAME = "$(TARGET_NAME)";
				SWIFT_EMIT_LOC_STRINGS = YES;
				SWIFT_VERSION = 5.0;
				TARGETED_DEVICE_FAMILY = 1;
			};
			name = Debug;
		};
		D5C3DE6627F3D4E1003FC96A /* Release */ = {
			isa = XCBuildConfiguration;
			buildSettings = {
				ASSETCATALOG_COMPILER_APPICON_NAME = AppIcon;
				ASSETCATALOG_COMPILER_GLOBAL_ACCENT_COLOR_NAME = AccentColor;
				CODE_SIGN_STYLE = Automatic;
				CURRENT_PROJECT_VERSION = 1;
				DEVELOPMENT_TEAM = 4MD3G3QB7X;
				GENERATE_INFOPLIST_FILE = YES;
				INFOPLIST_FILE = "ToDo-List/Info.plist";
				INFOPLIST_KEY_UIApplicationSupportsIndirectInputEvents = YES;
				INFOPLIST_KEY_UILaunchStoryboardName = LaunchScreen;
				INFOPLIST_KEY_UIMainStoryboardFile = Main;
				INFOPLIST_KEY_UISupportedInterfaceOrientations = "UIInterfaceOrientationPortrait UIInterfaceOrientationPortraitUpsideDown";
				INFOPLIST_KEY_UISupportedInterfaceOrientations_iPad = "UIInterfaceOrientationPortrait UIInterfaceOrientationPortraitUpsideDown UIInterfaceOrientationLandscapeLeft UIInterfaceOrientationLandscapeRight";
				INFOPLIST_KEY_UISupportedInterfaceOrientations_iPhone = "UIInterfaceOrientationPortrait UIInterfaceOrientationLandscapeLeft UIInterfaceOrientationLandscapeRight";
				INFOPLIST_KEY_UIUserInterfaceStyle = Light;
				IPHONEOS_DEPLOYMENT_TARGET = 14.0;
				LD_RUNPATH_SEARCH_PATHS = (
					"$(inherited)",
					"@executable_path/Frameworks",
				);
				MARKETING_VERSION = 1.0;
				PRODUCT_BUNDLE_IDENTIFIER = "com.www.ToDo-List";
				PRODUCT_NAME = "$(TARGET_NAME)";
				SWIFT_EMIT_LOC_STRINGS = YES;
				SWIFT_VERSION = 5.0;
				TARGETED_DEVICE_FAMILY = 1;
			};
			name = Release;
		};
/* End XCBuildConfiguration section */

/* Begin XCConfigurationList section */
		D5C3DE4827F3D4E1003FC96A /* Build configuration list for PBXProject "ToDo-List" */ = {
			isa = XCConfigurationList;
			buildConfigurations = (
				D5C3DE6227F3D4E1003FC96A /* Debug */,
				D5C3DE6327F3D4E1003FC96A /* Release */,
			);
			defaultConfigurationIsVisible = 0;
			defaultConfigurationName = Release;
		};
		D5C3DE6427F3D4E1003FC96A /* Build configuration list for PBXNativeTarget "ToDo-List" */ = {
			isa = XCConfigurationList;
			buildConfigurations = (
				D5C3DE6527F3D4E1003FC96A /* Debug */,
				D5C3DE6627F3D4E1003FC96A /* Release */,
			);
			defaultConfigurationIsVisible = 0;
			defaultConfigurationName = Release;
		};
/* End XCConfigurationList section */

/* Begin XCRemoteSwiftPackageReference section */
		D5C3DE7F27F43D1E003FC96A /* XCRemoteSwiftPackageReference "KRProgressHUD" */ = {
			isa = XCRemoteSwiftPackageReference;
			repositoryURL = "https://github.com/krimpedance/KRProgressHUD";
			requirement = {
				branch = master;
				kind = branch;
			};
		};
/* End XCRemoteSwiftPackageReference section */

/* Begin XCSwiftPackageProductDependency section */
		D5C3DE8027F43D1E003FC96A /* KRProgressHUD */ = {
			isa = XCSwiftPackageProductDependency;
			package = D5C3DE7F27F43D1E003FC96A /* XCRemoteSwiftPackageReference "KRProgressHUD" */;
			productName = KRProgressHUD;
		};
/* End XCSwiftPackageProductDependency section */

/* Begin XCVersionGroup section */
		D5C3DE5927F3D4E1003FC96A /* ToDo_List.xcdatamodeld */ = {
			isa = XCVersionGroup;
			children = (
				D5C3DE5A27F3D4E1003FC96A /* ToDo_List.xcdatamodel */,
			);
			currentVersion = D5C3DE5A27F3D4E1003FC96A /* ToDo_List.xcdatamodel */;
			path = ToDo_List.xcdatamodeld;
			sourceTree = "<group>";
			versionGroupType = wrapper.xcdatamodel;
		};
/* End XCVersionGroup section */
	};
	rootObject = D5C3DE4527F3D4E1003FC96A /* Project object */;
}
